
Microsoft Visual Studio Solution File, Format Version 11.00
# Visual Studio 2010
Project("{2150E333-8FDC-42A3-9474-1A3956D46DE8}") = "API", "API", "{A9964A1E-DE43-498C-8845-808D54208627}"
EndProject
Project("{2150E333-8FDC-42A3-9474-1A3956D46DE8}") = "Web", "Web", "{F9BD6BE8-5135-4200-A705-5E5B84C3EE4E}"
EndProject
Project("{2150E333-8FDC-42A3-9474-1A3956D46DE8}") = "Tests", "Tests", "{AEA8B4F0-F2E3-4B50-AB30-4359478AADFE}"
EndProject
Project("{FAE04EC0-301F-11D3-BF4B-00C04F79EFBC}") = "Parking.UI", "Web\Parking.UI\Parking.UI.csproj", "{12FECF2B-F591-41C6-B212-B6B9CFA66961}"
EndProject
Project("{FAE04EC0-301F-11D3-BF4B-00C04F79EFBC}") = "Parking.Tests.Models", "Tests\Parking.Tests.Models\Parking.Tests.Models.csproj", "{A80A0689-3E80-4894-90F9-0BFFD3DB4378}"
EndProject
Project("{2150E333-8FDC-42A3-9474-1A3956D46DE8}") = "Solution Items", "Solution Items", "{C828A928-5DF7-4DB6-BF9E-DA385AFAEA73}"
	ProjectSection(SolutionItems) = preProject
		Local.testsettings = Local.testsettings
		Parking.vsmdi = Parking.vsmdi
		TraceAndTestImpact.testsettings = TraceAndTestImpact.testsettings
	EndProjectSection
EndProject
Project("{2150E333-8FDC-42A3-9474-1A3956D46DE8}") = "Common", "Common", "{D384DF69-0BC9-4CEA-AE43-E2AA19891149}"
EndProject
Project("{FAE04EC0-301F-11D3-BF4B-00C04F79EFBC}") = "Parking.Common.Resources", "Common\Parking.Common.Resources\Parking.Common.Resources.csproj", "{E53B19E7-BCF9-4F29-96D0-84CBF1424D99}"
EndProject
Project("{FAE04EC0-301F-11D3-BF4B-00C04F79EFBC}") = "Parking.Tests.Common", "Tests\Parking.Tests.Common\Parking.Tests.Common.csproj", "{EC571A00-6A61-4565-9699-14598171689A}"
EndProject
Project("{FAE04EC0-301F-11D3-BF4B-00C04F79EFBC}") = "Parking.Common.Utils", "Common\Parking.Common.Utils\Parking.Common.Utils.csproj", "{C1D175EC-4991-4D72-B073-5B0072224155}"
EndProject
Project("{FAE04EC0-301F-11D3-BF4B-00C04F79EFBC}") = "Parking.API.Models", "API\Parking.API.Models\Parking.API.Models.csproj", "{160EAC2B-7C52-405A-80A0-2B020CC51549}"
EndProject
Project("{FAE04EC0-301F-11D3-BF4B-00C04F79EFBC}") = "Parking.API.Endpoints", "API\Parking.API.Endpoints\Parking.API.Endpoints.csproj", "{A83D4BD4-75EF-4CAE-8363-E3B3CB0EDA67}"
EndProject
Project("{C8D11400-126E-41CD-887F-60BD40844F9E}") = "Parking.API.Database", "API\Parking.API.Database\Parking.API.Database.dbproj", "{67CBC824-A49E-4E9B-A947-360F3DFE65C3}"
EndProject
Global
	GlobalSection(SubversionScc) = preSolution
		Svn-Managed = True
		Manager = AnkhSVN - Subversion Support for Visual Studio
	EndGlobalSection
	GlobalSection(TestCaseManagementSettings) = postSolution
		CategoryFile = Parking.vsmdi
	EndGlobalSection
	GlobalSection(SolutionConfigurationPlatforms) = preSolution
		Debug|Any CPU = Debug|Any CPU
		Release|Any CPU = Release|Any CPU
	EndGlobalSection
	GlobalSection(ProjectConfigurationPlatforms) = postSolution
		{12FECF2B-F591-41C6-B212-B6B9CFA66961}.Debug|Any CPU.ActiveCfg = Debug|Any CPU
		{12FECF2B-F591-41C6-B212-B6B9CFA66961}.Debug|Any CPU.Build.0 = Debug|Any CPU
		{12FECF2B-F591-41C6-B212-B6B9CFA66961}.Release|Any CPU.ActiveCfg = Release|Any CPU
		{12FECF2B-F591-41C6-B212-B6B9CFA66961}.Release|Any CPU.Build.0 = Release|Any CPU
		{A80A0689-3E80-4894-90F9-0BFFD3DB4378}.Debug|Any CPU.ActiveCfg = Debug|Any CPU
		{A80A0689-3E80-4894-90F9-0BFFD3DB4378}.Debug|Any CPU.Build.0 = Debug|Any CPU
		{A80A0689-3E80-4894-90F9-0BFFD3DB4378}.Release|Any CPU.ActiveCfg = Release|Any CPU
		{A80A0689-3E80-4894-90F9-0BFFD3DB4378}.Release|Any CPU.Build.0 = Release|Any CPU
		{E53B19E7-BCF9-4F29-96D0-84CBF1424D99}.Debug|Any CPU.ActiveCfg = Debug|Any CPU
		{E53B19E7-BCF9-4F29-96D0-84CBF1424D99}.Debug|Any CPU.Build.0 = Debug|Any CPU
		{E53B19E7-BCF9-4F29-96D0-84CBF1424D99}.Release|Any CPU.ActiveCfg = Release|Any CPU
		{E53B19E7-BCF9-4F29-96D0-84CBF1424D99}.Release|Any CPU.Build.0 = Release|Any CPU
		{EC571A00-6A61-4565-9699-14598171689A}.Debug|Any CPU.ActiveCfg = Debug|Any CPU
		{EC571A00-6A61-4565-9699-14598171689A}.Debug|Any CPU.Build.0 = Debug|Any CPU
		{EC571A00-6A61-4565-9699-14598171689A}.Release|Any CPU.ActiveCfg = Release|Any CPU
		{EC571A00-6A61-4565-9699-14598171689A}.Release|Any CPU.Build.0 = Release|Any CPU
		{C1D175EC-4991-4D72-B073-5B0072224155}.Debug|Any CPU.ActiveCfg = Debug|Any CPU
		{C1D175EC-4991-4D72-B073-5B0072224155}.Debug|Any CPU.Build.0 = Debug|Any CPU
		{C1D175EC-4991-4D72-B073-5B0072224155}.Release|Any CPU.ActiveCfg = Release|Any CPU
		{C1D175EC-4991-4D72-B073-5B0072224155}.Release|Any CPU.Build.0 = Release|Any CPU
		{160EAC2B-7C52-405A-80A0-2B020CC51549}.Debug|Any CPU.ActiveCfg = Debug|Any CPU
		{160EAC2B-7C52-405A-80A0-2B020CC51549}.Debug|Any CPU.Build.0 = Debug|Any CPU
		{160EAC2B-7C52-405A-80A0-2B020CC51549}.Release|Any CPU.ActiveCfg = Release|Any CPU
		{160EAC2B-7C52-405A-80A0-2B020CC51549}.Release|Any CPU.Build.0 = Release|Any CPU
		{A83D4BD4-75EF-4CAE-8363-E3B3CB0EDA67}.Debug|Any CPU.ActiveCfg = Debug|Any CPU
		{A83D4BD4-75EF-4CAE-8363-E3B3CB0EDA67}.Debug|Any CPU.Build.0 = Debug|Any CPU
		{A83D4BD4-75EF-4CAE-8363-E3B3CB0EDA67}.Release|Any CPU.ActiveCfg = Release|Any CPU
		{A83D4BD4-75EF-4CAE-8363-E3B3CB0EDA67}.Release|Any CPU.Build.0 = Release|Any CPU
		{67CBC824-A49E-4E9B-A947-360F3DFE65C3}.Debug|Any CPU.ActiveCfg = Debug|Any CPU
		{67CBC824-A49E-4E9B-A947-360F3DFE65C3}.Debug|Any CPU.Build.0 = Debug|Any CPU
		{67CBC824-A49E-4E9B-A947-360F3DFE65C3}.Debug|Any CPU.Deploy.0 = Debug|Any CPU
		{67CBC824-A49E-4E9B-A947-360F3DFE65C3}.Release|Any CPU.ActiveCfg = Release|Any CPU
		{67CBC824-A49E-4E9B-A947-360F3DFE65C3}.Release|Any CPU.Build.0 = Release|Any CPU
		{67CBC824-A49E-4E9B-A947-360F3DFE65C3}.Release|Any CPU.Deploy.0 = Release|Any CPU
	EndGlobalSection
	GlobalSection(SolutionProperties) = preSolution
		HideSolutionNode = FALSE
	EndGlobalSection
	GlobalSection(NestedProjects) = preSolution
		{160EAC2B-7C52-405A-80A0-2B020CC51549} = {A9964A1E-DE43-498C-8845-808D54208627}
		{A83D4BD4-75EF-4CAE-8363-E3B3CB0EDA67} = {A9964A1E-DE43-498C-8845-808D54208627}
		{67CBC824-A49E-4E9B-A947-360F3DFE65C3} = {A9964A1E-DE43-498C-8845-808D54208627}
		{12FECF2B-F591-41C6-B212-B6B9CFA66961} = {F9BD6BE8-5135-4200-A705-5E5B84C3EE4E}
		{A80A0689-3E80-4894-90F9-0BFFD3DB4378} = {AEA8B4F0-F2E3-4B50-AB30-4359478AADFE}
		{C828A928-5DF7-4DB6-BF9E-DA385AFAEA73} = {AEA8B4F0-F2E3-4B50-AB30-4359478AADFE}
		{EC571A00-6A61-4565-9699-14598171689A} = {AEA8B4F0-F2E3-4B50-AB30-4359478AADFE}
		{E53B19E7-BCF9-4F29-96D0-84CBF1424D99} = {D384DF69-0BC9-4CEA-AE43-E2AA19891149}
		{C1D175EC-4991-4D72-B073-5B0072224155} = {D384DF69-0BC9-4CEA-AE43-E2AA19891149}
	EndGlobalSection
EndGlobal
