
Microsoft Visual Studio Solution File, Format Version 11.00
# Visual Studio 2010
Project("{2150E333-8FDC-42A3-9474-1A3956D46DE8}") = "API", "API", "{A9964A1E-DE43-498C-8845-808D54208627}"
EndProject
Project("{2150E333-8FDC-42A3-9474-1A3956D46DE8}") = "Web", "Web", "{F9BD6BE8-5135-4200-A705-5E5B84C3EE4E}"
EndProject
Project("{2150E333-8FDC-42A3-9474-1A3956D46DE8}") = "Tests", "Tests", "{AEA8B4F0-F2E3-4B50-AB30-4359478AADFE}"
EndProject
Project("{2150E333-8FDC-42A3-9474-1A3956D46DE8}") = "Services", "Services", "{A5B951FA-0CA1-49ED-A6DC-E8B2BA3A8E55}"
EndProject
Project("{FAE04EC0-301F-11D3-BF4B-00C04F79EFBC}") = "Parking.Models", "API\Parking.Models\Parking.Models.csproj", "{160EAC2B-7C52-405A-80A0-2B020CC51549}"
EndProject
Project("{FAE04EC0-301F-11D3-BF4B-00C04F79EFBC}") = "Parking.UI", "Web\Parking.UI\Parking.UI.csproj", "{12FECF2B-F591-41C6-B212-B6B9CFA66961}"
EndProject
Project("{FAE04EC0-301F-11D3-BF4B-00C04F79EFBC}") = "Parking.API.Modules", "API\Parking.API.Modules\Parking.API.Modules.csproj", "{A83D4BD4-75EF-4CAE-8363-E3B3CB0EDA67}"
EndProject
Project("{FAE04EC0-301F-11D3-BF4B-00C04F79EFBC}") = "Parking.Tests.Models", "Tests\Parking.Tests.Models\Parking.Tests.Models.csproj", "{A80A0689-3E80-4894-90F9-0BFFD3DB4378}"
EndProject
Project("{2150E333-8FDC-42A3-9474-1A3956D46DE8}") = "Solution Items", "Solution Items", "{C828A928-5DF7-4DB6-BF9E-DA385AFAEA73}"
	ProjectSection(SolutionItems) = preProject
		Local.testsettings = Local.testsettings
		Parking.vsmdi = Parking.vsmdi
		TraceAndTestImpact.testsettings = TraceAndTestImpact.testsettings
	EndProjectSection
EndProject
Project("{2150E333-8FDC-42A3-9474-1A3956D46DE8}") = "Internal", "Internal", "{BE290186-7134-41FD-97B3-29F72A9371F5}"
EndProject
Global
	GlobalSection(TestCaseManagementSettings) = postSolution
		CategoryFile = Parking.vsmdi
	EndGlobalSection
	GlobalSection(SolutionConfigurationPlatforms) = preSolution
		Debug|Any CPU = Debug|Any CPU
		Release|Any CPU = Release|Any CPU
	EndGlobalSection
	GlobalSection(ProjectConfigurationPlatforms) = postSolution
		{160EAC2B-7C52-405A-80A0-2B020CC51549}.Debug|Any CPU.ActiveCfg = Debug|Any CPU
		{160EAC2B-7C52-405A-80A0-2B020CC51549}.Debug|Any CPU.Build.0 = Debug|Any CPU
		{160EAC2B-7C52-405A-80A0-2B020CC51549}.Release|Any CPU.ActiveCfg = Release|Any CPU
		{160EAC2B-7C52-405A-80A0-2B020CC51549}.Release|Any CPU.Build.0 = Release|Any CPU
		{12FECF2B-F591-41C6-B212-B6B9CFA66961}.Debug|Any CPU.ActiveCfg = Debug|Any CPU
		{12FECF2B-F591-41C6-B212-B6B9CFA66961}.Debug|Any CPU.Build.0 = Debug|Any CPU
		{12FECF2B-F591-41C6-B212-B6B9CFA66961}.Release|Any CPU.ActiveCfg = Release|Any CPU
		{12FECF2B-F591-41C6-B212-B6B9CFA66961}.Release|Any CPU.Build.0 = Release|Any CPU
		{A83D4BD4-75EF-4CAE-8363-E3B3CB0EDA67}.Debug|Any CPU.ActiveCfg = Debug|Any CPU
		{A83D4BD4-75EF-4CAE-8363-E3B3CB0EDA67}.Debug|Any CPU.Build.0 = Debug|Any CPU
		{A83D4BD4-75EF-4CAE-8363-E3B3CB0EDA67}.Release|Any CPU.ActiveCfg = Release|Any CPU
		{A83D4BD4-75EF-4CAE-8363-E3B3CB0EDA67}.Release|Any CPU.Build.0 = Release|Any CPU
		{A80A0689-3E80-4894-90F9-0BFFD3DB4378}.Debug|Any CPU.ActiveCfg = Debug|Any CPU
		{A80A0689-3E80-4894-90F9-0BFFD3DB4378}.Debug|Any CPU.Build.0 = Debug|Any CPU
		{A80A0689-3E80-4894-90F9-0BFFD3DB4378}.Release|Any CPU.ActiveCfg = Release|Any CPU
		{A80A0689-3E80-4894-90F9-0BFFD3DB4378}.Release|Any CPU.Build.0 = Release|Any CPU
	EndGlobalSection
	GlobalSection(SolutionProperties) = preSolution
		HideSolutionNode = FALSE
	EndGlobalSection
	GlobalSection(NestedProjects) = preSolution
		{A5B951FA-0CA1-49ED-A6DC-E8B2BA3A8E55} = {A9964A1E-DE43-498C-8845-808D54208627}
		{BE290186-7134-41FD-97B3-29F72A9371F5} = {A9964A1E-DE43-498C-8845-808D54208627}
		{12FECF2B-F591-41C6-B212-B6B9CFA66961} = {F9BD6BE8-5135-4200-A705-5E5B84C3EE4E}
		{A80A0689-3E80-4894-90F9-0BFFD3DB4378} = {AEA8B4F0-F2E3-4B50-AB30-4359478AADFE}
		{C828A928-5DF7-4DB6-BF9E-DA385AFAEA73} = {AEA8B4F0-F2E3-4B50-AB30-4359478AADFE}
		{A83D4BD4-75EF-4CAE-8363-E3B3CB0EDA67} = {A5B951FA-0CA1-49ED-A6DC-E8B2BA3A8E55}
		{160EAC2B-7C52-405A-80A0-2B020CC51549} = {BE290186-7134-41FD-97B3-29F72A9371F5}
	EndGlobalSection
EndGlobal
